{
  "name": "processive_web_apps",
  "version": "1.0.0",
  "lockfileVersion": 1,
  "requires": true,
  "dependencies": {
    "workbox-sw": {
      "version": "4.1.1",
      "resolved": "https://registry.npmjs.org/workbox-sw/-/workbox-sw-4.1.1.tgz",
      "integrity": "sha512-3nQFWFyG1W21x7TUVBsobrLoFDEy7ck/3nx2W1I3c+DhLCIu7B+IAnQVdefK+oRju5fIDWwOQ63fok8Uz7E/Gw=="
    }
  }
}
